{
  "nodes": {
    "nixpkgs": {
      "locked": {
        "lastModified": 1742194128,
        "narHash": "sha256-N/ELcFoWkO5QDLeEP+505uIfB0KFNHVLYfICc9dqbtw=",
        "owner": "nixos",
        "repo": "nixpkgs",
        "rev": "7e3cb32aea2914d086a7f93dc7fc06d52a726443",
        "type": "github"
      },
      "original": {
        "owner": "nixos",
        "repo": "nixpkgs",
        "type": "github"
      }
    },
    "root": {
      "inputs": {
        "nixpkgs": "nixpkgs"
      }
    }
  },
  "root": "root",
  "version": 7
}
