{
  "nodes": {
    "nixpkgs": {
      "locked": {
        "lastModified": 1742192087,
        "narHash": "sha256-at5E6vWQOqlPBVYGV2Ba34KLgia1xrBEyPbX6O0HzFc=",
        "owner": "nixos",
        "repo": "nixpkgs",
        "rev": "288dd5e05d344d87f567eb022f72d8cc45b863ce",
        "type": "github"
      },
      "original": {
        "owner": "nixos",
        "repo": "nixpkgs",
        "type": "github"
      }
    },
    "root": {
      "inputs": {
        "nixpkgs": "nixpkgs"
      }
    }
  },
  "root": "root",
  "version": 7
}
